
Microsoft Visual Studio Solution File, Format Version 12.00
# Visual Studio Version 17
VisualStudioVersion = 17.0.31912.275
MinimumVisualStudioVersion = 10.0.40219.1
Project("{2150E333-8FDC-42A3-9474-1A3956D46DE8}") = "src", "src", "{3ADDF828-7661-4B7C-A05E-54C7E9FB428C}"
EndProject
Project("{FAE04EC0-301F-11D3-BF4B-00C04F79EFBC}") = "Dominio", "src\Dominio\Dominio.csproj", "{92D24268-3693-43D9-8458-D705FF1DC2FA}"
EndProject
Project("{FAE04EC0-301F-11D3-BF4B-00C04F79EFBC}") = "Infraestrutura", "src\Infraestrutura\Infraestrutura.csproj", "{342BD402-8204-43ED-B4A0-A7A68354DE98}"
EndProject
Project("{9A19103F-16F7-4668-BE54-9A1E7A4F7556}") = "WebAPI", "src\WebAPI\WebAPI.csproj", "{9B307568-B86D-4AEB-B2A8-7FAD49AE852F}"
EndProject
Global
	GlobalSection(SolutionConfigurationPlatforms) = preSolution
		Debug|Any CPU = Debug|Any CPU
		Release|Any CPU = Release|Any CPU
	EndGlobalSection
	GlobalSection(ProjectConfigurationPlatforms) = postSolution
		{92D24268-3693-43D9-8458-D705FF1DC2FA}.Debug|Any CPU.ActiveCfg = Debug|Any CPU
		{92D24268-3693-43D9-8458-D705FF1DC2FA}.Debug|Any CPU.Build.0 = Debug|Any CPU
		{92D24268-3693-43D9-8458-D705FF1DC2FA}.Release|Any CPU.ActiveCfg = Release|Any CPU
		{92D24268-3693-43D9-8458-D705FF1DC2FA}.Release|Any CPU.Build.0 = Release|Any CPU
		{342BD402-8204-43ED-B4A0-A7A68354DE98}.Debug|Any CPU.ActiveCfg = Debug|Any CPU
		{342BD402-8204-43ED-B4A0-A7A68354DE98}.Debug|Any CPU.Build.0 = Debug|Any CPU
		{342BD402-8204-43ED-B4A0-A7A68354DE98}.Release|Any CPU.ActiveCfg = Release|Any CPU
		{342BD402-8204-43ED-B4A0-A7A68354DE98}.Release|Any CPU.Build.0 = Release|Any CPU
		{9B307568-B86D-4AEB-B2A8-7FAD49AE852F}.Debug|Any CPU.ActiveCfg = Debug|Any CPU
		{9B307568-B86D-4AEB-B2A8-7FAD49AE852F}.Debug|Any CPU.Build.0 = Debug|Any CPU
		{9B307568-B86D-4AEB-B2A8-7FAD49AE852F}.Release|Any CPU.ActiveCfg = Release|Any CPU
		{9B307568-B86D-4AEB-B2A8-7FAD49AE852F}.Release|Any CPU.Build.0 = Release|Any CPU
	EndGlobalSection
	GlobalSection(SolutionProperties) = preSolution
		HideSolutionNode = FALSE
	EndGlobalSection
	GlobalSection(NestedProjects) = preSolution
		{92D24268-3693-43D9-8458-D705FF1DC2FA} = {3ADDF828-7661-4B7C-A05E-54C7E9FB428C}
		{342BD402-8204-43ED-B4A0-A7A68354DE98} = {3ADDF828-7661-4B7C-A05E-54C7E9FB428C}
		{9B307568-B86D-4AEB-B2A8-7FAD49AE852F} = {3ADDF828-7661-4B7C-A05E-54C7E9FB428C}
	EndGlobalSection
	GlobalSection(ExtensibilityGlobals) = postSolution
		SolutionGuid = {91EC07BF-F3BB-423A-9F5C-24D9A52B5741}
	EndGlobalSection
EndGlobal
